
Microsoft Visual Studio Solution File, Format Version 12.00
# Visual Studio Version 17
VisualStudioVersion = 17.10.35027.167
MinimumVisualStudioVersion = 10.0.40219.1
Project("{9A19103F-16F7-4668-BE54-9A1E7A4F7556}") = "PlikPlaskiDownload", "PlikPlaskiDownload\PlikPlaskiDownload.csproj", "{688E0F5F-8847-474E-903C-E6F6B8B2A31C}"
	ProjectSection(ProjectDependencies) = postProject
		{A90367F8-3710-4644-B928-6009A50E21DC} = {A90367F8-3710-4644-B928-6009A50E21DC}
	EndProjectSection
EndProject
Project("{FAE04EC0-301F-11D3-BF4B-00C04F79EFBC}") = "PlikPlaskiCheck", "PlikPlaskiCheck\PlikPlaskiCheck.csproj", "{6577C5A5-99B4-4A8C-AD9F-789414581818}"
EndProject
Project("{FAE04EC0-301F-11D3-BF4B-00C04F79EFBC}") = "DatabaseConnection", "DatabaseConnection\DatabaseConnection.csproj", "{A90367F8-3710-4644-B928-6009A50E21DC}"
EndProject
Global
	GlobalSection(SolutionConfigurationPlatforms) = preSolution
		Debug|Any CPU = Debug|Any CPU
		Release|Any CPU = Release|Any CPU
	EndGlobalSection
	GlobalSection(ProjectConfigurationPlatforms) = postSolution
		{688E0F5F-8847-474E-903C-E6F6B8B2A31C}.Debug|Any CPU.ActiveCfg = Debug|Any CPU
		{688E0F5F-8847-474E-903C-E6F6B8B2A31C}.Debug|Any CPU.Build.0 = Debug|Any CPU
		{688E0F5F-8847-474E-903C-E6F6B8B2A31C}.Release|Any CPU.ActiveCfg = Release|Any CPU
		{688E0F5F-8847-474E-903C-E6F6B8B2A31C}.Release|Any CPU.Build.0 = Release|Any CPU
		{6577C5A5-99B4-4A8C-AD9F-789414581818}.Debug|Any CPU.ActiveCfg = Debug|Any CPU
		{6577C5A5-99B4-4A8C-AD9F-789414581818}.Debug|Any CPU.Build.0 = Debug|Any CPU
		{6577C5A5-99B4-4A8C-AD9F-789414581818}.Release|Any CPU.ActiveCfg = Release|Any CPU
		{6577C5A5-99B4-4A8C-AD9F-789414581818}.Release|Any CPU.Build.0 = Release|Any CPU
		{A90367F8-3710-4644-B928-6009A50E21DC}.Debug|Any CPU.ActiveCfg = Debug|Any CPU
		{A90367F8-3710-4644-B928-6009A50E21DC}.Debug|Any CPU.Build.0 = Debug|Any CPU
		{A90367F8-3710-4644-B928-6009A50E21DC}.Release|Any CPU.ActiveCfg = Release|Any CPU
		{A90367F8-3710-4644-B928-6009A50E21DC}.Release|Any CPU.Build.0 = Release|Any CPU
	EndGlobalSection
	GlobalSection(SolutionProperties) = preSolution
		HideSolutionNode = FALSE
	EndGlobalSection
	GlobalSection(ExtensibilityGlobals) = postSolution
		SolutionGuid = {5FB1F0A8-01BF-4C6E-B928-C4899596694C}
	EndGlobalSection
EndGlobal
